// !$*UTF8*$!
{
	archiveVersion = 1;
	classes = {
	};
	objectVersion = 50;
	objects = {

/* Begin PBXBuildFile section */
		70269194274C4894007D6F8B /* marvel_appApp.swift in Sources */ = {isa = PBXBuildFile; fileRef = 70269193274C4894007D6F8B /* marvel_appApp.swift */; };
		70269196274C4894007D6F8B /* ContentView.swift in Sources */ = {isa = PBXBuildFile; fileRef = 70269195274C4894007D6F8B /* ContentView.swift */; };
		70269198274C489A007D6F8B /* Assets.xcassets in Resources */ = {isa = PBXBuildFile; fileRef = 70269197274C489A007D6F8B /* Assets.xcassets */; };
		7026919B274C489A007D6F8B /* Preview Assets.xcassets in Resources */ = {isa = PBXBuildFile; fileRef = 7026919A274C489A007D6F8B /* Preview Assets.xcassets */; };
		702691A5274C4939007D6F8B /* APIService.swift in Sources */ = {isa = PBXBuildFile; fileRef = 702691A4274C4939007D6F8B /* APIService.swift */; };
		703B0A57274D7EEB006A8476 /* MarvelViewModel.swift in Sources */ = {isa = PBXBuildFile; fileRef = 703B0A56274D7EEB006A8476 /* MarvelViewModel.swift */; };
		70701B34274FFC5C0009B2DA /* HeroDetailView.swift in Sources */ = {isa = PBXBuildFile; fileRef = 70701B33274FFC5C0009B2DA /* HeroDetailView.swift */; };
		709B06A7274EC5E600D52BEF /* ItemListView.swift in Sources */ = {isa = PBXBuildFile; fileRef = 709B06A6274EC5E600D52BEF /* ItemListView.swift */; };
		70A06100274EC0F80086F43A /* AsyncImage.swift in Sources */ = {isa = PBXBuildFile; fileRef = 70A060FF274EC0F80086F43A /* AsyncImage.swift */; };
		70A70CDD274D144C00C16D30 /* MarvelData.swift in Sources */ = {isa = PBXBuildFile; fileRef = 70A70CDC274D144C00C16D30 /* MarvelData.swift */; };
		70CEC12227501E5C00B8F7CF /* RoundedCorner.swift in Sources */ = {isa = PBXBuildFile; fileRef = 70CEC12127501E5C00B8F7CF /* RoundedCorner.swift */; };
/* End PBXBuildFile section */

/* Begin PBXFileReference section */
		70269190274C4894007D6F8B /* marvel-app.app */ = {isa = PBXFileReference; explicitFileType = wrapper.application; includeInIndex = 0; path = "marvel-app.app"; sourceTree = BUILT_PRODUCTS_DIR; };
		70269193274C4894007D6F8B /* marvel_appApp.swift */ = {isa = PBXFileReference; lastKnownFileType = sourcecode.swift; path = marvel_appApp.swift; sourceTree = "<group>"; };
		70269195274C4894007D6F8B /* ContentView.swift */ = {isa = PBXFileReference; lastKnownFileType = sourcecode.swift; path = ContentView.swift; sourceTree = "<group>"; };
		70269197274C489A007D6F8B /* Assets.xcassets */ = {isa = PBXFileReference; lastKnownFileType = folder.assetcatalog; path = Assets.xcassets; sourceTree = "<group>"; };
		7026919A274C489A007D6F8B /* Preview Assets.xcassets */ = {isa = PBXFileReference; lastKnownFileType = folder.assetcatalog; path = "Preview Assets.xcassets"; sourceTree = "<group>"; };
		7026919C274C489A007D6F8B /* Info.plist */ = {isa = PBXFileReference; lastKnownFileType = text.plist.xml; path = Info.plist; sourceTree = "<group>"; };
		702691A4274C4939007D6F8B /* APIService.swift */ = {isa = PBXFileReference; lastKnownFileType = sourcecode.swift; path = APIService.swift; sourceTree = "<group>"; };
		703B0A56274D7EEB006A8476 /* MarvelViewModel.swift */ = {isa = PBXFileReference; lastKnownFileType = sourcecode.swift; path = MarvelViewModel.swift; sourceTree = "<group>"; };
		70701B33274FFC5C0009B2DA /* HeroDetailView.swift */ = {isa = PBXFileReference; lastKnownFileType = sourcecode.swift; path = HeroDetailView.swift; sourceTree = "<group>"; };
		709B06A6274EC5E600D52BEF /* ItemListView.swift */ = {isa = PBXFileReference; lastKnownFileType = sourcecode.swift; path = ItemListView.swift; sourceTree = "<group>"; };
		70A060FF274EC0F80086F43A /* AsyncImage.swift */ = {isa = PBXFileReference; lastKnownFileType = sourcecode.swift; path = AsyncImage.swift; sourceTree = "<group>"; };
		70A70CDC274D144C00C16D30 /* MarvelData.swift */ = {isa = PBXFileReference; lastKnownFileType = sourcecode.swift; path = MarvelData.swift; sourceTree = "<group>"; };
		70CEC12127501E5C00B8F7CF /* RoundedCorner.swift */ = {isa = PBXFileReference; lastKnownFileType = sourcecode.swift; path = RoundedCorner.swift; sourceTree = "<group>"; };
/* End PBXFileReference section */

/* Begin PBXFrameworksBuildPhase section */
		7026918D274C4894007D6F8B /* Frameworks */ = {
			isa = PBXFrameworksBuildPhase;
			buildActionMask = 2147483647;
			files = (
			);
			runOnlyForDeploymentPostprocessing = 0;
		};
/* End PBXFrameworksBuildPhase section */

/* Begin PBXGroup section */
		70269187274C4894007D6F8B = {
			isa = PBXGroup;
			children = (
				70269192274C4894007D6F8B /* marvel-app */,
				70269191274C4894007D6F8B /* Products */,
			);
			sourceTree = "<group>";
		};
		70269191274C4894007D6F8B /* Products */ = {
			isa = PBXGroup;
			children = (
				70269190274C4894007D6F8B /* marvel-app.app */,
			);
			name = Products;
			sourceTree = "<group>";
		};
		70269192274C4894007D6F8B /* marvel-app */ = {
			isa = PBXGroup;
			children = (
				70A060F0274EBDB50086F43A /* Service */,
				70674AB8274EAE1E00B15572 /* View */,
				703B0A55274D7ECE006A8476 /* ViewModel */,
				70A70CDB274D143900C16D30 /* Model */,
				702691A3274C48FB007D6F8B /* API Service */,
				70269193274C4894007D6F8B /* marvel_appApp.swift */,
				70269197274C489A007D6F8B /* Assets.xcassets */,
				7026919C274C489A007D6F8B /* Info.plist */,
				70269199274C489A007D6F8B /* Preview Content */,
			);
			path = "marvel-app";
			sourceTree = "<group>";
		};
		70269199274C489A007D6F8B /* Preview Content */ = {
			isa = PBXGroup;
			children = (
				7026919A274C489A007D6F8B /* Preview Assets.xcassets */,
			);
			path = "Preview Content";
			sourceTree = "<group>";
		};
		702691A3274C48FB007D6F8B /* API Service */ = {
			isa = PBXGroup;
			children = (
				702691A4274C4939007D6F8B /* APIService.swift */,
			);
			path = "API Service";
			sourceTree = "<group>";
		};
		703B0A55274D7ECE006A8476 /* ViewModel */ = {
			isa = PBXGroup;
			children = (
				703B0A56274D7EEB006A8476 /* MarvelViewModel.swift */,
			);
			path = ViewModel;
			sourceTree = "<group>";
		};
		70674AB8274EAE1E00B15572 /* View */ = {
			isa = PBXGroup;
			children = (
				70CEC12027501E3D00B8F7CF /* Components */,
				70269195274C4894007D6F8B /* ContentView.swift */,
				709B06A6274EC5E600D52BEF /* ItemListView.swift */,
				70701B33274FFC5C0009B2DA /* HeroDetailView.swift */,
			);
			path = View;
			sourceTree = "<group>";
		};
		70701B24274FC9E50009B2DA /* Utils */ = {
			isa = PBXGroup;
			children = (
			);
			path = Utils;
			sourceTree = "<group>";
		};
		70A060F0274EBDB50086F43A /* Service */ = {
			isa = PBXGroup;
			children = (
				70701B24274FC9E50009B2DA /* Utils */,
				70A060FF274EC0F80086F43A /* AsyncImage.swift */,
			);
			path = Service;
			sourceTree = "<group>";
		};
		70A70CDB274D143900C16D30 /* Model */ = {
			isa = PBXGroup;
			children = (
				70A70CDC274D144C00C16D30 /* MarvelData.swift */,
			);
			path = Model;
			sourceTree = "<group>";
		};
		70CEC12027501E3D00B8F7CF /* Components */ = {
			isa = PBXGroup;
			children = (
				70CEC12127501E5C00B8F7CF /* RoundedCorner.swift */,
			);
			path = Components;
			sourceTree = "<group>";
		};
/* End PBXGroup section */

/* Begin PBXNativeTarget section */
		7026918F274C4894007D6F8B /* marvel-app */ = {
			isa = PBXNativeTarget;
			buildConfigurationList = 7026919F274C489A007D6F8B /* Build configuration list for PBXNativeTarget "marvel-app" */;
			buildPhases = (
				7026918C274C4894007D6F8B /* Sources */,
				7026918D274C4894007D6F8B /* Frameworks */,
				7026918E274C4894007D6F8B /* Resources */,
			);
			buildRules = (
			);
			dependencies = (
			);
			name = "marvel-app";
			productName = "marvel-app";
			productReference = 70269190274C4894007D6F8B /* marvel-app.app */;
			productType = "com.apple.product-type.application";
		};
/* End PBXNativeTarget section */

/* Begin PBXProject section */
		70269188274C4894007D6F8B /* Project object */ = {
			isa = PBXProject;
			attributes = {
				LastSwiftUpdateCheck = 1240;
				LastUpgradeCheck = 1240;
				TargetAttributes = {
					7026918F274C4894007D6F8B = {
						CreatedOnToolsVersion = 12.4;
					};
				};
			};
			buildConfigurationList = 7026918B274C4894007D6F8B /* Build configuration list for PBXProject "marvel-app" */;
			compatibilityVersion = "Xcode 9.3";
			developmentRegion = en;
			hasScannedForEncodings = 0;
			knownRegions = (
				en,
				Base,
			);
			mainGroup = 70269187274C4894007D6F8B;
			productRefGroup = 70269191274C4894007D6F8B /* Products */;
			projectDirPath = "";
			projectRoot = "";
			targets = (
				7026918F274C4894007D6F8B /* marvel-app */,
			);
		};
/* End PBXProject section */

/* Begin PBXResourcesBuildPhase section */
		7026918E274C4894007D6F8B /* Resources */ = {
			isa = PBXResourcesBuildPhase;
			buildActionMask = 2147483647;
			files = (
				7026919B274C489A007D6F8B /* Preview Assets.xcassets in Resources */,
				70269198274C489A007D6F8B /* Assets.xcassets in Resources */,
			);
			runOnlyForDeploymentPostprocessing = 0;
		};
/* End PBXResourcesBuildPhase section */

/* Begin PBXSourcesBuildPhase section */
		7026918C274C4894007D6F8B /* Sources */ = {
			isa = PBXSourcesBuildPhase;
			buildActionMask = 2147483647;
			files = (
				70A70CDD274D144C00C16D30 /* MarvelData.swift in Sources */,
				70269196274C4894007D6F8B /* ContentView.swift in Sources */,
				702691A5274C4939007D6F8B /* APIService.swift in Sources */,
				70CEC12227501E5C00B8F7CF /* RoundedCorner.swift in Sources */,
				70701B34274FFC5C0009B2DA /* HeroDetailView.swift in Sources */,
				703B0A57274D7EEB006A8476 /* MarvelViewModel.swift in Sources */,
				70A06100274EC0F80086F43A /* AsyncImage.swift in Sources */,
				70269194274C4894007D6F8B /* marvel_appApp.swift in Sources */,
				709B06A7274EC5E600D52BEF /* ItemListView.swift in Sources */,
			);
			runOnlyForDeploymentPostprocessing = 0;
		};
/* End PBXSourcesBuildPhase section */

/* Begin XCBuildConfiguration section */
		7026919D274C489A007D6F8B /* Debug */ = {
			isa = XCBuildConfiguration;
			buildSettings = {
				ALWAYS_SEARCH_USER_PATHS = NO;
				CLANG_ANALYZER_NONNULL = YES;
				CLANG_ANALYZER_NUMBER_OBJECT_CONVERSION = YES_AGGRESSIVE;
				CLANG_CXX_LANGUAGE_STANDARD = "gnu++14";
				CLANG_CXX_LIBRARY = "libc++";
				CLANG_ENABLE_MODULES = YES;
				CLANG_ENABLE_OBJC_ARC = YES;
				CLANG_ENABLE_OBJC_WEAK = YES;
				CLANG_WARN_BLOCK_CAPTURE_AUTORELEASING = YES;
				CLANG_WARN_BOOL_CONVERSION = YES;
				CLANG_WARN_COMMA = YES;
				CLANG_WARN_CONSTANT_CONVERSION = YES;
				CLANG_WARN_DEPRECATED_OBJC_IMPLEMENTATIONS = YES;
				CLANG_WARN_DIRECT_OBJC_ISA_USAGE = YES_ERROR;
				CLANG_WARN_DOCUMENTATION_COMMENTS = YES;
				CLANG_WARN_EMPTY_BODY = YES;
				CLANG_WARN_ENUM_CONVERSION = YES;
				CLANG_WARN_INFINITE_RECURSION = YES;
				CLANG_WARN_INT_CONVERSION = YES;
				CLANG_WARN_NON_LITERAL_NULL_CONVERSION = YES;
				CLANG_WARN_OBJC_IMPLICIT_RETAIN_SELF = YES;
				CLANG_WARN_OBJC_LITERAL_CONVERSION = YES;
				CLANG_WARN_OBJC_ROOT_CLASS = YES_ERROR;
				CLANG_WARN_QUOTED_INCLUDE_IN_FRAMEWORK_HEADER = YES;
				CLANG_WARN_RANGE_LOOP_ANALYSIS = YES;
				CLANG_WARN_STRICT_PROTOTYPES = YES;
				CLANG_WARN_SUSPICIOUS_MOVE = YES;
				CLANG_WARN_UNGUARDED_AVAILABILITY = YES_AGGRESSIVE;
				CLANG_WARN_UNREACHABLE_CODE = YES;
				CLANG_WARN__DUPLICATE_METHOD_MATCH = YES;
				COPY_PHASE_STRIP = NO;
				DEBUG_INFORMATION_FORMAT = dwarf;
				ENABLE_STRICT_OBJC_MSGSEND = YES;
				ENABLE_TESTABILITY = YES;
				GCC_C_LANGUAGE_STANDARD = gnu11;
				GCC_DYNAMIC_NO_PIC = NO;
				GCC_NO_COMMON_BLOCKS = YES;
				GCC_OPTIMIZATION_LEVEL = 0;
				GCC_PREPROCESSOR_DEFINITIONS = (
					"DEBUG=1",
					"$(inherited)",
				);
				GCC_WARN_64_TO_32_BIT_CONVERSION = YES;
				GCC_WARN_ABOUT_RETURN_TYPE = YES_ERROR;
				GCC_WARN_UNDECLARED_SELECTOR = YES;
				GCC_WARN_UNINITIALIZED_AUTOS = YES_AGGRESSIVE;
				GCC_WARN_UNUSED_FUNCTION = YES;
				GCC_WARN_UNUSED_VARIABLE = YES;
				IPHONEOS_DEPLOYMENT_TARGET = 14.4;
				MTL_ENABLE_DEBUG_INFO = INCLUDE_SOURCE;
				MTL_FAST_MATH = YES;
				ONLY_ACTIVE_ARCH = YES;
				SDKROOT = iphoneos;
				SWIFT_ACTIVE_COMPILATION_CONDITIONS = DEBUG;
				SWIFT_OPTIMIZATION_LEVEL = "-Onone";
			};
			name = Debug;
		};
		7026919E274C489A007D6F8B /* Release */ = {
			isa = XCBuildConfiguration;
			buildSettings = {
				ALWAYS_SEARCH_USER_PATHS = NO;
				CLANG_ANALYZER_NONNULL = YES;
				CLANG_ANALYZER_NUMBER_OBJECT_CONVERSION = YES_AGGRESSIVE;
				CLANG_CXX_LANGUAGE_STANDARD = "gnu++14";
				CLANG_CXX_LIBRARY = "libc++";
				CLANG_ENABLE_MODULES = YES;
				CLANG_ENABLE_OBJC_ARC = YES;
				CLANG_ENABLE_OBJC_WEAK = YES;
				CLANG_WARN_BLOCK_CAPTURE_AUTORELEASING = YES;
				CLANG_WARN_BOOL_CONVERSION = YES;
				CLANG_WARN_COMMA = YES;
				CLANG_WARN_CONSTANT_CONVERSION = YES;
				CLANG_WARN_DEPRECATED_OBJC_IMPLEMENTATIONS = YES;
				CLANG_WARN_DIRECT_OBJC_ISA_USAGE = YES_ERROR;
				CLANG_WARN_DOCUMENTATION_COMMENTS = YES;
				CLANG_WARN_EMPTY_BODY = YES;
				CLANG_WARN_ENUM_CONVERSION = YES;
				CLANG_WARN_INFINITE_RECURSION = YES;
				CLANG_WARN_INT_CONVERSION = YES;
				CLANG_WARN_NON_LITERAL_NULL_CONVERSION = YES;
				CLANG_WARN_OBJC_IMPLICIT_RETAIN_SELF = YES;
				CLANG_WARN_OBJC_LITERAL_CONVERSION = YES;
				CLANG_WARN_OBJC_ROOT_CLASS = YES_ERROR;
				CLANG_WARN_QUOTED_INCLUDE_IN_FRAMEWORK_HEADER = YES;
				CLANG_WARN_RANGE_LOOP_ANALYSIS = YES;
				CLANG_WARN_STRICT_PROTOTYPES = YES;
				CLANG_WARN_SUSPICIOUS_MOVE = YES;
				CLANG_WARN_UNGUARDED_AVAILABILITY = YES_AGGRESSIVE;
				CLANG_WARN_UNREACHABLE_CODE = YES;
				CLANG_WARN__DUPLICATE_METHOD_MATCH = YES;
				COPY_PHASE_STRIP = NO;
				DEBUG_INFORMATION_FORMAT = "dwarf-with-dsym";
				ENABLE_NS_ASSERTIONS = NO;
				ENABLE_STRICT_OBJC_MSGSEND = YES;
				GCC_C_LANGUAGE_STANDARD = gnu11;
				GCC_NO_COMMON_BLOCKS = YES;
				GCC_WARN_64_TO_32_BIT_CONVERSION = YES;
				GCC_WARN_ABOUT_RETURN_TYPE = YES_ERROR;
				GCC_WARN_UNDECLARED_SELECTOR = YES;
				GCC_WARN_UNINITIALIZED_AUTOS = YES_AGGRESSIVE;
				GCC_WARN_UNUSED_FUNCTION = YES;
				GCC_WARN_UNUSED_VARIABLE = YES;
				IPHONEOS_DEPLOYMENT_TARGET = 14.4;
				MTL_ENABLE_DEBUG_INFO = NO;
				MTL_FAST_MATH = YES;
				SDKROOT = iphoneos;
				SWIFT_COMPILATION_MODE = wholemodule;
				SWIFT_OPTIMIZATION_LEVEL = "-O";
				VALIDATE_PRODUCT = YES;
			};
			name = Release;
		};
		702691A0274C489A007D6F8B /* Debug */ = {
			isa = XCBuildConfiguration;
			buildSettings = {
				ASSETCATALOG_COMPILER_APPICON_NAME = AppIcon;
				ASSETCATALOG_COMPILER_GLOBAL_ACCENT_COLOR_NAME = AccentColor;
				CODE_SIGN_STYLE = Automatic;
				DEVELOPMENT_ASSET_PATHS = "\"marvel-app/Preview Content\"";
				DEVELOPMENT_TEAM = 2UNU5H84MY;
				ENABLE_PREVIEWS = YES;
				INFOPLIST_FILE = "marvel-app/Info.plist";
				IPHONEOS_DEPLOYMENT_TARGET = 14.0;
				LD_RUNPATH_SEARCH_PATHS = (
					"$(inherited)",
					"@executable_path/Frameworks",
				);
				PRODUCT_BUNDLE_IDENTIFIER = "com.gcmaziero.marvel-app";
				PRODUCT_NAME = "$(TARGET_NAME)";
				SWIFT_VERSION = 5.0;
				TARGETED_DEVICE_FAMILY = "1,2";
			};
			name = Debug;
		};
		702691A1274C489A007D6F8B /* Release */ = {
			isa = XCBuildConfiguration;
			buildSettings = {
				ASSETCATALOG_COMPILER_APPICON_NAME = AppIcon;
				ASSETCATALOG_COMPILER_GLOBAL_ACCENT_COLOR_NAME = AccentColor;
				CODE_SIGN_STYLE = Automatic;
				DEVELOPMENT_ASSET_PATHS = "\"marvel-app/Preview Content\"";
				DEVELOPMENT_TEAM = 2UNU5H84MY;
				ENABLE_PREVIEWS = YES;
				INFOPLIST_FILE = "marvel-app/Info.plist";
				IPHONEOS_DEPLOYMENT_TARGET = 14.0;
				LD_RUNPATH_SEARCH_PATHS = (
					"$(inherited)",
					"@executable_path/Frameworks",
				);
				PRODUCT_BUNDLE_IDENTIFIER = "com.gcmaziero.marvel-app";
				PRODUCT_NAME = "$(TARGET_NAME)";
				SWIFT_VERSION = 5.0;
				TARGETED_DEVICE_FAMILY = "1,2";
			};
			name = Release;
		};
/* End XCBuildConfiguration section */

/* Begin XCConfigurationList section */
		7026918B274C4894007D6F8B /* Build configuration list for PBXProject "marvel-app" */ = {
			isa = XCConfigurationList;
			buildConfigurations = (
				7026919D274C489A007D6F8B /* Debug */,
				7026919E274C489A007D6F8B /* Release */,
			);
			defaultConfigurationIsVisible = 0;
			defaultConfigurationName = Release;
		};
		7026919F274C489A007D6F8B /* Build configuration list for PBXNativeTarget "marvel-app" */ = {
			isa = XCConfigurationList;
			buildConfigurations = (
				702691A0274C489A007D6F8B /* Debug */,
				702691A1274C489A007D6F8B /* Release */,
			);
			defaultConfigurationIsVisible = 0;
			defaultConfigurationName = Release;
		};
/* End XCConfigurationList section */
	};
	rootObject = 70269188274C4894007D6F8B /* Project object */;
}
